
Microsoft Visual Studio Solution File, Format Version 12.00
# Visual Studio Version 17
VisualStudioVersion = 17.3.32901.215
MinimumVisualStudioVersion = 10.0.40219.1
Project("{FAE04EC0-301F-11D3-BF4B-00C04F79EFBC}") = "Xamp Here", "Xamp Here.csproj", "{213998E3-7856-46E5-BF54-F68E5D21FA4A}"
EndProject
Global
	GlobalSection(SolutionConfigurationPlatforms) = preSolution
		Debug|Any CPU = Debug|Any CPU
		Release|Any CPU = Release|Any CPU
	EndGlobalSection
	GlobalSection(ProjectConfigurationPlatforms) = postSolution
		{213998E3-7856-46E5-BF54-F68E5D21FA4A}.Debug|Any CPU.ActiveCfg = Debug|Any CPU
		{213998E3-7856-46E5-BF54-F68E5D21FA4A}.Debug|Any CPU.Build.0 = Debug|Any CPU
		{213998E3-7856-46E5-BF54-F68E5D21FA4A}.Release|Any CPU.ActiveCfg = Release|Any CPU
		{213998E3-7856-46E5-BF54-F68E5D21FA4A}.Release|Any CPU.Build.0 = Release|Any CPU
	EndGlobalSection
	GlobalSection(SolutionProperties) = preSolution
		HideSolutionNode = FALSE
	EndGlobalSection
	GlobalSection(ExtensibilityGlobals) = postSolution
		SolutionGuid = {C9A8178E-0FA1-4AA1-B94E-D20798DE3EB5}
	EndGlobalSection
EndGlobal
